
Microsoft Visual Studio Solution File, Format Version 12.00
# Visual Studio Version 17
VisualStudioVersion = 17.11.35208.52
MinimumVisualStudioVersion = 10.0.40219.1
Project("{FAE04EC0-301F-11D3-BF4B-00C04F79EFBC}") = "SampleDocumentCreator", "SampleDocumentCreator.csproj", "{C29F0C31-C808-47FE-AE22-F7899F7CA39F}"
EndProject
Global
	GlobalSection(SolutionConfigurationPlatforms) = preSolution
		Debug|Any CPU = Debug|Any CPU
		Release|Any CPU = Release|Any CPU
	EndGlobalSection
	GlobalSection(ProjectConfigurationPlatforms) = postSolution
		{C29F0C31-C808-47FE-AE22-F7899F7CA39F}.Debug|Any CPU.ActiveCfg = Debug|Any CPU
		{C29F0C31-C808-47FE-AE22-F7899F7CA39F}.Debug|Any CPU.Build.0 = Debug|Any CPU
		{C29F0C31-C808-47FE-AE22-F7899F7CA39F}.Release|Any CPU.ActiveCfg = Release|Any CPU
		{C29F0C31-C808-47FE-AE22-F7899F7CA39F}.Release|Any CPU.Build.0 = Release|Any CPU
	EndGlobalSection
	GlobalSection(SolutionProperties) = preSolution
		HideSolutionNode = FALSE
	EndGlobalSection
	GlobalSection(ExtensibilityGlobals) = postSolution
		SolutionGuid = {F9CA60F0-4B34-47BA-9D2B-BE984F59E33B}
	EndGlobalSection
EndGlobal
